# This file is automatically @generated by Cargo.
# It is not intended for manual editing.
version = 3

[[package]]
name = "rust_tftp"
version = "0.1.0"
dependencies = [
 "tftp_libs",
]

[[package]]
name = "rust_tftp_client"
version = "0.1.0"
dependencies = [
 "tftp_libs",
]

[[package]]
name = "rust_tftp_server"
version = "0.1.0"
dependencies = [
 "tftp_libs",
]

[[package]]
name = "tftp_libs"
version = "0.1.0"
